github.com/thesyncim/goav1 v0.0.0-20260611170949-792a1f774da1 h1:rPYnlixhYLU8WLl5eMJzl6O1LId2olVy8U/Lplz15FI=
github.com/thesyncim/goav1 v0.0.0-20260611170949-792a1f774da1/go.mod h1:WfcUmLDoRBNKU32YpA9W/Y/6olN7Otb/Winto4HH97w=
github.com/thesyncim/goh264 v0.0.0-20260605215817-c3ebee4f35c3 h1:WGzAU8slW6ls79zSPTYnIIoD2/gvacyOff9TArGOOnw=
github.com/thesyncim/goh264 v0.0.0-20260605215817-c3ebee4f35c3/go.mod h1:/4BzjdI5P2Yf5ZG1ZuDRucRQAiKmXhAw/bj58zIO+Ec=
github.com/thesyncim/gopus v0.1.1 h1:SM58S7VZGnEZ3ZR0pX5AoC33//LBxJhKkvm15MbBmik=
github.com/thesyncim/gopus v0.1.1/go.mod h1:orRqwrGs5gqYRRnhqwI0Y3liqQTeDkreUpra+Kv9bQc=
github.com/thesyncim/govpx v0.0.0-20260609183451-3d804d8c8f89 h1:3kBokr+E5aO3uC7/XtIORXwcsMgzrmV/aJfxTCm9R0c=
github.com/thesyncim/govpx v0.0.0-20260609183451-3d804d8c8f89/go.mod h1:NtVLM5omlmx4IstMc/Rx+YsHQ4sAVq3VQ25wnMl43L4=
