github.com/thesyncim/goav1 v0.0.0-20260605233508-19454059211a h1:+XCHvA1cgzPxJQS7RfoIXSEu9NzHFpJE3EFbj0vdjIU=
github.com/thesyncim/goav1 v0.0.0-20260605233508-19454059211a/go.mod h1:WfcUmLDoRBNKU32YpA9W/Y/6olN7Otb/Winto4HH97w=
github.com/thesyncim/goh264 v0.0.0-20260605215817-c3ebee4f35c3 h1:WGzAU8slW6ls79zSPTYnIIoD2/gvacyOff9TArGOOnw=
github.com/thesyncim/goh264 v0.0.0-20260605215817-c3ebee4f35c3/go.mod h1:/4BzjdI5P2Yf5ZG1ZuDRucRQAiKmXhAw/bj58zIO+Ec=
github.com/thesyncim/gopus v0.1.1 h1:SM58S7VZGnEZ3ZR0pX5AoC33//LBxJhKkvm15MbBmik=
github.com/thesyncim/gopus v0.1.1/go.mod h1:orRqwrGs5gqYRRnhqwI0Y3liqQTeDkreUpra+Kv9bQc=
github.com/thesyncim/govpx v0.0.0-20260606015758-d64581a69a6f h1:8hGWqYvaZ8xtugRkiVLUmK4gXsAHwTT6D0pLi7tuW88=
github.com/thesyncim/govpx v0.0.0-20260606015758-d64581a69a6f/go.mod h1:NtVLM5omlmx4IstMc/Rx+YsHQ4sAVq3VQ25wnMl43L4=
