github.com/dustin/go-humanize v1.0.1 h1:GzkhY7T5VNhEkwH0PVJgjz+fX1rhBrR7pRT3mDkpeCY=
github.com/dustin/go-humanize v1.0.1/go.mod h1:Mu1zIs6XwVuF/gI1OepvI0qD18qycQx+mFykh5fBlto=
github.com/google/go-cmp v0.7.0 h1:wk8382ETsv4JYUZwIsn6YpYiWiBsYLSJiTsyBybVuN8=
github.com/google/go-cmp v0.7.0/go.mod h1:pXiqmnSA92OHEEa9HXL2W4E7lf9JzCmGVUdgjX3N/iU=
github.com/google/uuid v1.6.0 h1:NIvaJDMOsjHA8n1jAhLSgzrAzy1Hgr+hNrb57e+94F0=
github.com/google/uuid v1.6.0/go.mod h1:TIyPZe4MgqvfeYDBFedMoGGpEw/LqOeaOT+nhxU+yHo=
github.com/mattn/go-isatty v0.0.20 h1:xfD0iDuEKnDkl03q4limB+vH+GxLEtL/jb4xVJSWWEY=
github.com/mattn/go-isatty v0.0.20/go.mod h1:W+V8PltTTMOvKvAeJH7IuucS94S2C6jfK/D7dTCTo3Y=
github.com/ncruces/go-strftime v1.0.0 h1:HMFp8mLCTPp341M/ZnA4qaf7ZlsbTc+miZjCLOFAw7w=
github.com/ncruces/go-strftime v1.0.0/go.mod h1:Fwc5htZGVVkseilnfgOVb9mKy6w1naJmn9CehxcKcls=
github.com/remyoudompheng/bigfft v0.0.0-20230129092748-24d4a6f8daec h1:W09IVJc94icq4NjY3clb7Lk8O1qJ8BdBEF8z0ibU0rE=
github.com/remyoudompheng/bigfft v0.0.0-20230129092748-24d4a6f8daec/go.mod h1:qqbHyh8v60DhA7CoWK5oRCqLrMHRGoxYCSS9EjAz6Eo=
github.com/thesyncim/goaac v0.0.0-20260616210027-501df73f9728 h1:AK/gB43Mnz4qBh1lJC/2cX9udRlYB1QiyQynGo3vu1E=
github.com/thesyncim/goaac v0.0.0-20260616210027-501df73f9728/go.mod h1:nh7cIGP2UakcsSBz0OAkppX5LBaZpnN9cJA0T8v+fvs=
github.com/thesyncim/goav1 v0.0.0-20260630121001-3ccb50777b8e h1:1c/UxHNZ7ZRMcL7aoC8Cl8pFo15c02aMQe04NGTZsWw=
github.com/thesyncim/goav1 v0.0.0-20260630121001-3ccb50777b8e/go.mod h1:WfcUmLDoRBNKU32YpA9W/Y/6olN7Otb/Winto4HH97w=
github.com/thesyncim/goh264 v0.0.0-20260629203945-d0bdff984647 h1:5uhVffYrphdHWEXwlS0IqPf3KLX2+XE6SKJXZKM4blY=
github.com/thesyncim/goh264 v0.0.0-20260629203945-d0bdff984647/go.mod h1:/4BzjdI5P2Yf5ZG1ZuDRucRQAiKmXhAw/bj58zIO+Ec=
github.com/thesyncim/gopus v0.1.1 h1:SM58S7VZGnEZ3ZR0pX5AoC33//LBxJhKkvm15MbBmik=
github.com/thesyncim/gopus v0.1.1/go.mod h1:orRqwrGs5gqYRRnhqwI0Y3liqQTeDkreUpra+Kv9bQc=
github.com/thesyncim/govpx v0.0.0-20260629210133-4ce2eb33e3c6 h1:R9scY3lLs3T0Vv4r0plP8A/IIod53BcrlieRt++RBzg=
github.com/thesyncim/govpx v0.0.0-20260629210133-4ce2eb33e3c6/go.mod h1:NtVLM5omlmx4IstMc/Rx+YsHQ4sAVq3VQ25wnMl43L4=
golang.org/x/sys v0.44.0 h1:ildZl3J4uzeKP07r2F++Op7E9B29JRUy+a27EibtBTQ=
golang.org/x/sys v0.44.0/go.mod h1:4GL1E5IUh+htKOUEOaiffhrAeqysfVGipDYzABqnCmw=
modernc.org/libc v1.73.1 h1:HMa/TQJY2Z8ZjqBRbVJMLjBhmxTOwN2aMcxNrT01Dbc=
modernc.org/libc v1.73.1/go.mod h1:DXZ3eO8qMCNn2SnmTNCiC71nJ9Rcq3PsnpU6Vc4rWK8=
modernc.org/mathutil v1.7.1 h1:GCZVGXdaN8gTqB1Mf/usp1Y/hSqgI2vAGGP4jZMCxOU=
modernc.org/mathutil v1.7.1/go.mod h1:4p5IwJITfppl0G4sUEDtCr4DthTaT47/N3aT6MhfgJg=
modernc.org/memory v1.11.0 h1:o4QC8aMQzmcwCK3t3Ux/ZHmwFPzE6hf2Y5LbkRs+hbI=
modernc.org/memory v1.11.0/go.mod h1:/JP4VbVC+K5sU2wZi9bHoq2MAkCnrt2r98UGeSK7Mjw=
